<Solution>
    <Folder Name="/Exp/">
        <Project Path="src/MLOnnxExportExp/MLOnnxExportExp.csproj" />
    </Folder>
    <Folder Name="/Lib/">
        <Project Path="src/MjlogReader/MjlogReader.csproj" />
        <Project Path="src/MjlogReplayer/MjlogReplayer.csproj" />
    </Folder>
    <Folder Name="/ML/">
        <Project Path="src/MLCoreModule/MLCoreModule.csproj" />
        <Project Path="src/MLModelCodec/MLModelCodec.csproj" />
    </Folder>
    <Folder Name="/Sample/">
        <Project Path="src/MjlogReaderSample/MjlogReaderSample.csproj" />
        <Project Path="src/MjlogReplayerSample/MjlogReplayerSample.csproj" />
    </Folder>
</Solution>
